
Microsoft Visual Studio Solution File, Format Version 12.00
# Visual Studio Version 16
VisualStudioVersion = 16.0.30717.126
MinimumVisualStudioVersion = 10.0.40219.1
Project("{FAE04EC0-301F-11D3-BF4B-00C04F79EFBC}") = "XamarinApi2020001.Android", "XamarinApi2020001\XamarinApi2020001.Android\XamarinApi2020001.Android.csproj", "{937E9831-CAFD-4E77-A40F-B28A4BE95ED1}"
EndProject
Project("{FAE04EC0-301F-11D3-BF4B-00C04F79EFBC}") = "XamarinApi2020001", "XamarinApi2020001\XamarinApi2020001\XamarinApi2020001.csproj", "{8760790B-52DB-41E0-94AE-FED0A49CF0CC}"
EndProject
Global
	GlobalSection(SolutionConfigurationPlatforms) = preSolution
		Debug|Any CPU = Debug|Any CPU
		Release|Any CPU = Release|Any CPU
	EndGlobalSection
	GlobalSection(ProjectConfigurationPlatforms) = postSolution
		{937E9831-CAFD-4E77-A40F-B28A4BE95ED1}.Debug|Any CPU.ActiveCfg = Debug|Any CPU
		{937E9831-CAFD-4E77-A40F-B28A4BE95ED1}.Debug|Any CPU.Build.0 = Debug|Any CPU
		{937E9831-CAFD-4E77-A40F-B28A4BE95ED1}.Debug|Any CPU.Deploy.0 = Debug|Any CPU
		{937E9831-CAFD-4E77-A40F-B28A4BE95ED1}.Release|Any CPU.ActiveCfg = Release|Any CPU
		{937E9831-CAFD-4E77-A40F-B28A4BE95ED1}.Release|Any CPU.Build.0 = Release|Any CPU
		{937E9831-CAFD-4E77-A40F-B28A4BE95ED1}.Release|Any CPU.Deploy.0 = Release|Any CPU
		{8760790B-52DB-41E0-94AE-FED0A49CF0CC}.Debug|Any CPU.ActiveCfg = Debug|Any CPU
		{8760790B-52DB-41E0-94AE-FED0A49CF0CC}.Debug|Any CPU.Build.0 = Debug|Any CPU
		{8760790B-52DB-41E0-94AE-FED0A49CF0CC}.Debug|Any CPU.Deploy.0 = Debug|Any CPU
		{8760790B-52DB-41E0-94AE-FED0A49CF0CC}.Release|Any CPU.ActiveCfg = Release|Any CPU
		{8760790B-52DB-41E0-94AE-FED0A49CF0CC}.Release|Any CPU.Build.0 = Release|Any CPU
		{8760790B-52DB-41E0-94AE-FED0A49CF0CC}.Release|Any CPU.Deploy.0 = Release|Any CPU
	EndGlobalSection
	GlobalSection(SolutionProperties) = preSolution
		HideSolutionNode = FALSE
	EndGlobalSection
	GlobalSection(ExtensibilityGlobals) = postSolution
		SolutionGuid = {B382CE7C-7CA6-4545-B39E-23DD04FF0F24}
	EndGlobalSection
EndGlobal
